
Microsoft Visual Studio Solution File, Format Version 12.00
# Visual Studio 15
VisualStudioVersion = 15.0.27130.2010
MinimumVisualStudioVersion = 10.0.40219.1
Project("{FAE04EC0-301F-11D3-BF4B-00C04F79EFBC}") = "RelationalList", "RelationalList\RelationalList.csproj", "{4410A99A-09BF-4464-A01F-51029B9775A8}"
EndProject
Project("{FAE04EC0-301F-11D3-BF4B-00C04F79EFBC}") = "UnitTests", "UnitTests\UnitTests.csproj", "{EFAAC4AA-8A2F-4022-B277-770DED53666D}"
EndProject
Global
	GlobalSection(SolutionConfigurationPlatforms) = preSolution
		Debug|Any CPU = Debug|Any CPU
		Release|Any CPU = Release|Any CPU
	EndGlobalSection
	GlobalSection(ProjectConfigurationPlatforms) = postSolution
		{4410A99A-09BF-4464-A01F-51029B9775A8}.Debug|Any CPU.ActiveCfg = Debug|Any CPU
		{4410A99A-09BF-4464-A01F-51029B9775A8}.Debug|Any CPU.Build.0 = Debug|Any CPU
		{4410A99A-09BF-4464-A01F-51029B9775A8}.Release|Any CPU.ActiveCfg = Release|Any CPU
		{4410A99A-09BF-4464-A01F-51029B9775A8}.Release|Any CPU.Build.0 = Release|Any CPU
		{EFAAC4AA-8A2F-4022-B277-770DED53666D}.Debug|Any CPU.ActiveCfg = Debug|Any CPU
		{EFAAC4AA-8A2F-4022-B277-770DED53666D}.Debug|Any CPU.Build.0 = Debug|Any CPU
		{EFAAC4AA-8A2F-4022-B277-770DED53666D}.Release|Any CPU.ActiveCfg = Release|Any CPU
		{EFAAC4AA-8A2F-4022-B277-770DED53666D}.Release|Any CPU.Build.0 = Release|Any CPU
	EndGlobalSection
	GlobalSection(SolutionProperties) = preSolution
		HideSolutionNode = FALSE
	EndGlobalSection
	GlobalSection(ExtensibilityGlobals) = postSolution
		SolutionGuid = {5D6E6B64-849B-4C31-B641-C54318FB15F7}
	EndGlobalSection
EndGlobal
